
Microsoft Visual Studio Solution File, Format Version 12.00
# Visual Studio Version 17
VisualStudioVersion = 17.1.32210.238
MinimumVisualStudioVersion = 10.0.40219.1
Project("{9A19103F-16F7-4668-BE54-9A1E7A4F7556}") = "WFDOTtoPDF", "WFDOTtoPDF\WFDOTtoPDF.csproj", "{CA1034F2-FE34-451C-B9D3-9FEA94047C55}"
EndProject
Global
	GlobalSection(SolutionConfigurationPlatforms) = preSolution
		Debug|Any CPU = Debug|Any CPU
		Debug|x64 = Debug|x64
		Release|Any CPU = Release|Any CPU
		Release|x64 = Release|x64
	EndGlobalSection
	GlobalSection(ProjectConfigurationPlatforms) = postSolution
		{CA1034F2-FE34-451C-B9D3-9FEA94047C55}.Debug|Any CPU.ActiveCfg = Debug|Any CPU
		{CA1034F2-FE34-451C-B9D3-9FEA94047C55}.Debug|Any CPU.Build.0 = Debug|Any CPU
		{CA1034F2-FE34-451C-B9D3-9FEA94047C55}.Debug|x64.ActiveCfg = Debug|x64
		{CA1034F2-FE34-451C-B9D3-9FEA94047C55}.Debug|x64.Build.0 = Debug|x64
		{CA1034F2-FE34-451C-B9D3-9FEA94047C55}.Release|Any CPU.ActiveCfg = Release|Any CPU
		{CA1034F2-FE34-451C-B9D3-9FEA94047C55}.Release|Any CPU.Build.0 = Release|Any CPU
		{CA1034F2-FE34-451C-B9D3-9FEA94047C55}.Release|x64.ActiveCfg = Release|x64
		{CA1034F2-FE34-451C-B9D3-9FEA94047C55}.Release|x64.Build.0 = Release|x64
	EndGlobalSection
	GlobalSection(SolutionProperties) = preSolution
		HideSolutionNode = FALSE
	EndGlobalSection
	GlobalSection(ExtensibilityGlobals) = postSolution
		SolutionGuid = {42A3D665-F49C-4751-A5E6-0A38F174CE2E}
	EndGlobalSection
EndGlobal
